// !$*UTF8*$!
{
	archiveVersion = 1;
	classes = {
	};
	objectVersion = 56;
	objects = {

/* Begin PBXBuildFile section */
		0258498A2B335AEAD23B42DF /* Pods_TestFramework.framework in Frameworks */ = {isa = PBXBuildFile; fileRef = BE1F81708C7EEFAEB08F829E /* Pods_TestFramework.framework */; };
		621A7A8A2A49D5730086B7F4 /* TestFramework.docc in Sources */ = {isa = PBXBuildFile; fileRef = 621A7A892A49D5730086B7F4 /* TestFramework.docc */; };
		621A7A962A49D5730086B7F4 /* TestFramework.h in Headers */ = {isa = PBXBuildFile; fileRef = 621A7A882A49D5730086B7F4 /* TestFramework.h */; settings = {ATTRIBUTES = (Public, ); }; };
		621A7AA12A49D6540086B7F4 /* BadgeLabel.swift in Sources */ = {isa = PBXBuildFile; fileRef = 621A7AA02A49D6540086B7F4 /* BadgeLabel.swift */; };
		621A7AAC2A49DCC40086B7F4 /* ColorDS.swift in Sources */ = {isa = PBXBuildFile; fileRef = 621A7AAB2A49DCC40086B7F4 /* ColorDS.swift */; };
		621A7AAE2A49DCE80086B7F4 /* BadgeProtocol.swift in Sources */ = {isa = PBXBuildFile; fileRef = 621A7AAD2A49DCE80086B7F4 /* BadgeProtocol.swift */; };
/* End PBXBuildFile section */

/* Begin PBXFileReference section */
		1894E677060D1D5638587769 /* Pods-TestFramework.debug.xcconfig */ = {isa = PBXFileReference; includeInIndex = 1; lastKnownFileType = text.xcconfig; name = "Pods-TestFramework.debug.xcconfig"; path = "Target Support Files/Pods-TestFramework/Pods-TestFramework.debug.xcconfig"; sourceTree = "<group>"; };
		621A7A852A49D5730086B7F4 /* TestFramework.framework */ = {isa = PBXFileReference; explicitFileType = wrapper.framework; includeInIndex = 0; path = TestFramework.framework; sourceTree = BUILT_PRODUCTS_DIR; };
		621A7A882A49D5730086B7F4 /* TestFramework.h */ = {isa = PBXFileReference; lastKnownFileType = sourcecode.c.h; path = TestFramework.h; sourceTree = "<group>"; };
		621A7A892A49D5730086B7F4 /* TestFramework.docc */ = {isa = PBXFileReference; lastKnownFileType = folder.documentationcatalog; path = TestFramework.docc; sourceTree = "<group>"; };
		621A7A942A49D5730086B7F4 /* TestFrameworkTests.swift */ = {isa = PBXFileReference; lastKnownFileType = sourcecode.swift; path = TestFrameworkTests.swift; sourceTree = "<group>"; };
		621A7AA02A49D6540086B7F4 /* BadgeLabel.swift */ = {isa = PBXFileReference; lastKnownFileType = sourcecode.swift; path = BadgeLabel.swift; sourceTree = "<group>"; };
		621A7AA62A49DB960086B7F4 /* SnapKit.framework */ = {isa = PBXFileReference; explicitFileType = wrapper.framework; path = SnapKit.framework; sourceTree = BUILT_PRODUCTS_DIR; };
		621A7AAB2A49DCC40086B7F4 /* ColorDS.swift */ = {isa = PBXFileReference; lastKnownFileType = sourcecode.swift; path = ColorDS.swift; sourceTree = "<group>"; };
		621A7AAD2A49DCE80086B7F4 /* BadgeProtocol.swift */ = {isa = PBXFileReference; lastKnownFileType = sourcecode.swift; path = BadgeProtocol.swift; sourceTree = "<group>"; };
		6F51F52DACD19377D133DA83 /* Pods-TestFramework.release.xcconfig */ = {isa = PBXFileReference; includeInIndex = 1; lastKnownFileType = text.xcconfig; name = "Pods-TestFramework.release.xcconfig"; path = "Target Support Files/Pods-TestFramework/Pods-TestFramework.release.xcconfig"; sourceTree = "<group>"; };
		BE1F81708C7EEFAEB08F829E /* Pods_TestFramework.framework */ = {isa = PBXFileReference; explicitFileType = wrapper.framework; includeInIndex = 0; path = Pods_TestFramework.framework; sourceTree = BUILT_PRODUCTS_DIR; };
/* End PBXFileReference section */

/* Begin PBXFrameworksBuildPhase section */
		621A7A822A49D5730086B7F4 /* Frameworks */ = {
			isa = PBXFrameworksBuildPhase;
			buildActionMask = 2147483647;
			files = (
				0258498A2B335AEAD23B42DF /* Pods_TestFramework.framework in Frameworks */,
			);
			runOnlyForDeploymentPostprocessing = 0;
		};
/* End PBXFrameworksBuildPhase section */

/* Begin PBXGroup section */
		37D8053778A1D6E0B5C75C38 /* Pods */ = {
			isa = PBXGroup;
			children = (
				1894E677060D1D5638587769 /* Pods-TestFramework.debug.xcconfig */,
				6F51F52DACD19377D133DA83 /* Pods-TestFramework.release.xcconfig */,
			);
			name = Pods;
			path = ../Pods;
			sourceTree = "<group>";
		};
		621A7A7B2A49D5730086B7F4 = {
			isa = PBXGroup;
			children = (
				621A7A872A49D5730086B7F4 /* TestFramework */,
				621A7A932A49D5730086B7F4 /* TestFrameworkTests */,
				621A7A862A49D5730086B7F4 /* Products */,
				37D8053778A1D6E0B5C75C38 /* Pods */,
				807E8A97050D87C1FF59EFBC /* Frameworks */,
			);
			sourceTree = "<group>";
		};
		621A7A862A49D5730086B7F4 /* Products */ = {
			isa = PBXGroup;
			children = (
				621A7A852A49D5730086B7F4 /* TestFramework.framework */,
			);
			name = Products;
			sourceTree = "<group>";
		};
		621A7A872A49D5730086B7F4 /* TestFramework */ = {
			isa = PBXGroup;
			children = (
				621A7AAA2A49DCB20086B7F4 /* Color */,
				621A7A9F2A49D6390086B7F4 /* Badge */,
				621A7A882A49D5730086B7F4 /* TestFramework.h */,
				621A7A892A49D5730086B7F4 /* TestFramework.docc */,
			);
			path = TestFramework;
			sourceTree = "<group>";
		};
		621A7A932A49D5730086B7F4 /* TestFrameworkTests */ = {
			isa = PBXGroup;
			children = (
				621A7A942A49D5730086B7F4 /* TestFrameworkTests.swift */,
			);
			path = TestFrameworkTests;
			sourceTree = "<group>";
		};
		621A7A9F2A49D6390086B7F4 /* Badge */ = {
			isa = PBXGroup;
			children = (
				621A7AA02A49D6540086B7F4 /* BadgeLabel.swift */,
				621A7AAD2A49DCE80086B7F4 /* BadgeProtocol.swift */,
			);
			path = Badge;
			sourceTree = "<group>";
		};
		621A7AAA2A49DCB20086B7F4 /* Color */ = {
			isa = PBXGroup;
			children = (
				621A7AAB2A49DCC40086B7F4 /* ColorDS.swift */,
			);
			path = Color;
			sourceTree = "<group>";
		};
		807E8A97050D87C1FF59EFBC /* Frameworks */ = {
			isa = PBXGroup;
			children = (
				621A7AA62A49DB960086B7F4 /* SnapKit.framework */,
				BE1F81708C7EEFAEB08F829E /* Pods_TestFramework.framework */,
			);
			name = Frameworks;
			sourceTree = "<group>";
		};
/* End PBXGroup section */

/* Begin PBXHeadersBuildPhase section */
		621A7A802A49D5730086B7F4 /* Headers */ = {
			isa = PBXHeadersBuildPhase;
			buildActionMask = 2147483647;
			files = (
				621A7A962A49D5730086B7F4 /* TestFramework.h in Headers */,
			);
			runOnlyForDeploymentPostprocessing = 0;
		};
/* End PBXHeadersBuildPhase section */

/* Begin PBXNativeTarget section */
		621A7A842A49D5730086B7F4 /* TestFramework */ = {
			isa = PBXNativeTarget;
			buildConfigurationList = 621A7A992A49D5730086B7F4 /* Build configuration list for PBXNativeTarget "TestFramework" */;
			buildPhases = (
				9462D10FB1085AAA4E37FB12 /* [CP] Check Pods Manifest.lock */,
				621A7A802A49D5730086B7F4 /* Headers */,
				621A7A812A49D5730086B7F4 /* Sources */,
				621A7A822A49D5730086B7F4 /* Frameworks */,
				621A7A832A49D5730086B7F4 /* Resources */,
			);
			buildRules = (
			);
			dependencies = (
			);
			name = TestFramework;
			productName = TestFramework;
			productReference = 621A7A852A49D5730086B7F4 /* TestFramework.framework */;
			productType = "com.apple.product-type.framework";
		};
/* End PBXNativeTarget section */

/* Begin PBXProject section */
		621A7A7C2A49D5730086B7F4 /* Project object */ = {
			isa = PBXProject;
			attributes = {
				BuildIndependentTargetsInParallel = 1;
				LastSwiftUpdateCheck = 1410;
				LastUpgradeCheck = 1410;
				TargetAttributes = {
					621A7A842A49D5730086B7F4 = {
						CreatedOnToolsVersion = 14.1;
					};
				};
			};
			buildConfigurationList = 621A7A7F2A49D5730086B7F4 /* Build configuration list for PBXProject "TestFramework" */;
			compatibilityVersion = "Xcode 14.0";
			developmentRegion = en;
			hasScannedForEncodings = 0;
			knownRegions = (
				en,
				Base,
			);
			mainGroup = 621A7A7B2A49D5730086B7F4;
			productRefGroup = 621A7A862A49D5730086B7F4 /* Products */;
			projectDirPath = "";
			projectRoot = "";
			targets = (
				621A7A842A49D5730086B7F4 /* TestFramework */,
			);
		};
/* End PBXProject section */

/* Begin PBXResourcesBuildPhase section */
		621A7A832A49D5730086B7F4 /* Resources */ = {
			isa = PBXResourcesBuildPhase;
			buildActionMask = 2147483647;
			files = (
			);
			runOnlyForDeploymentPostprocessing = 0;
		};
/* End PBXResourcesBuildPhase section */

/* Begin PBXShellScriptBuildPhase section */
		9462D10FB1085AAA4E37FB12 /* [CP] Check Pods Manifest.lock */ = {
			isa = PBXShellScriptBuildPhase;
			buildActionMask = 2147483647;
			files = (
			);
			inputFileListPaths = (
			);
			inputPaths = (
				"${PODS_PODFILE_DIR_PATH}/Podfile.lock",
				"${PODS_ROOT}/Manifest.lock",
			);
			name = "[CP] Check Pods Manifest.lock";
			outputFileListPaths = (
			);
			outputPaths = (
				"$(DERIVED_FILE_DIR)/Pods-TestFramework-checkManifestLockResult.txt",
			);
			runOnlyForDeploymentPostprocessing = 0;
			shellPath = /bin/sh;
			shellScript = "diff \"${PODS_PODFILE_DIR_PATH}/Podfile.lock\" \"${PODS_ROOT}/Manifest.lock\" > /dev/null\nif [ $? != 0 ] ; then\n    # print error to STDERR\n    echo \"error: The sandbox is not in sync with the Podfile.lock. Run 'pod install' or update your CocoaPods installation.\" >&2\n    exit 1\nfi\n# This output is used by Xcode 'outputs' to avoid re-running this script phase.\necho \"SUCCESS\" > \"${SCRIPT_OUTPUT_FILE_0}\"\n";
			showEnvVarsInLog = 0;
		};
/* End PBXShellScriptBuildPhase section */

/* Begin PBXSourcesBuildPhase section */
		621A7A812A49D5730086B7F4 /* Sources */ = {
			isa = PBXSourcesBuildPhase;
			buildActionMask = 2147483647;
			files = (
				621A7AAC2A49DCC40086B7F4 /* ColorDS.swift in Sources */,
				621A7AA12A49D6540086B7F4 /* BadgeLabel.swift in Sources */,
				621A7A8A2A49D5730086B7F4 /* TestFramework.docc in Sources */,
				621A7AAE2A49DCE80086B7F4 /* BadgeProtocol.swift in Sources */,
			);
			runOnlyForDeploymentPostprocessing = 0;
		};
/* End PBXSourcesBuildPhase section */

/* Begin XCBuildConfiguration section */
		621A7A972A49D5730086B7F4 /* Debug */ = {
			isa = XCBuildConfiguration;
			buildSettings = {
				ALWAYS_SEARCH_USER_PATHS = NO;
				BUILD_LIBRARY_FOR_DISTRIBUTION = YES;
				CLANG_ANALYZER_NONNULL = YES;
				CLANG_ANALYZER_NUMBER_OBJECT_CONVERSION = YES_AGGRESSIVE;
				CLANG_CXX_LANGUAGE_STANDARD = "gnu++20";
				CLANG_ENABLE_MODULES = YES;
				CLANG_ENABLE_OBJC_ARC = YES;
				CLANG_ENABLE_OBJC_WEAK = YES;
				CLANG_WARN_BLOCK_CAPTURE_AUTORELEASING = YES;
				CLANG_WARN_BOOL_CONVERSION = YES;
				CLANG_WARN_COMMA = YES;
				CLANG_WARN_CONSTANT_CONVERSION = YES;
				CLANG_WARN_DEPRECATED_OBJC_IMPLEMENTATIONS = YES;
				CLANG_WARN_DIRECT_OBJC_ISA_USAGE = YES_ERROR;
				CLANG_WARN_DOCUMENTATION_COMMENTS = YES;
				CLANG_WARN_EMPTY_BODY = YES;
				CLANG_WARN_ENUM_CONVERSION = YES;
				CLANG_WARN_INFINITE_RECURSION = YES;
				CLANG_WARN_INT_CONVERSION = YES;
				CLANG_WARN_NON_LITERAL_NULL_CONVERSION = YES;
				CLANG_WARN_OBJC_IMPLICIT_RETAIN_SELF = YES;
				CLANG_WARN_OBJC_LITERAL_CONVERSION = YES;
				CLANG_WARN_OBJC_ROOT_CLASS = YES_ERROR;
				CLANG_WARN_QUOTED_INCLUDE_IN_FRAMEWORK_HEADER = YES;
				CLANG_WARN_RANGE_LOOP_ANALYSIS = YES;
				CLANG_WARN_STRICT_PROTOTYPES = YES;
				CLANG_WARN_SUSPICIOUS_MOVE = YES;
				CLANG_WARN_UNGUARDED_AVAILABILITY = YES_AGGRESSIVE;
				CLANG_WARN_UNREACHABLE_CODE = YES;
				CLANG_WARN__DUPLICATE_METHOD_MATCH = YES;
				COPY_PHASE_STRIP = NO;
				CURRENT_PROJECT_VERSION = 1;
				DEBUG_INFORMATION_FORMAT = dwarf;
				ENABLE_STRICT_OBJC_MSGSEND = YES;
				ENABLE_TESTABILITY = YES;
				GCC_C_LANGUAGE_STANDARD = gnu11;
				GCC_DYNAMIC_NO_PIC = NO;
				GCC_NO_COMMON_BLOCKS = YES;
				GCC_OPTIMIZATION_LEVEL = 0;
				GCC_PREPROCESSOR_DEFINITIONS = (
					"DEBUG=1",
					"$(inherited)",
				);
				GCC_WARN_64_TO_32_BIT_CONVERSION = YES;
				GCC_WARN_ABOUT_RETURN_TYPE = YES_ERROR;
				GCC_WARN_UNDECLARED_SELECTOR = YES;
				GCC_WARN_UNINITIALIZED_AUTOS = YES_AGGRESSIVE;
				GCC_WARN_UNUSED_FUNCTION = YES;
				GCC_WARN_UNUSED_VARIABLE = YES;
				IPHONEOS_DEPLOYMENT_TARGET = 16.1;
				MTL_ENABLE_DEBUG_INFO = INCLUDE_SOURCE;
				MTL_FAST_MATH = YES;
				ONLY_ACTIVE_ARCH = YES;
				SDKROOT = iphoneos;
				SKIP_INSTALL = YES;
				SWIFT_ACTIVE_COMPILATION_CONDITIONS = DEBUG;
				SWIFT_OPTIMIZATION_LEVEL = "-Onone";
				VERSIONING_SYSTEM = "apple-generic";
				VERSION_INFO_PREFIX = "";
			};
			name = Debug;
		};
		621A7A982A49D5730086B7F4 /* Release */ = {
			isa = XCBuildConfiguration;
			buildSettings = {
				ALWAYS_SEARCH_USER_PATHS = NO;
				BUILD_LIBRARY_FOR_DISTRIBUTION = YES;
				CLANG_ANALYZER_NONNULL = YES;
				CLANG_ANALYZER_NUMBER_OBJECT_CONVERSION = YES_AGGRESSIVE;
				CLANG_CXX_LANGUAGE_STANDARD = "gnu++20";
				CLANG_ENABLE_MODULES = YES;
				CLANG_ENABLE_OBJC_ARC = YES;
				CLANG_ENABLE_OBJC_WEAK = YES;
				CLANG_WARN_BLOCK_CAPTURE_AUTORELEASING = YES;
				CLANG_WARN_BOOL_CONVERSION = YES;
				CLANG_WARN_COMMA = YES;
				CLANG_WARN_CONSTANT_CONVERSION = YES;
				CLANG_WARN_DEPRECATED_OBJC_IMPLEMENTATIONS = YES;
				CLANG_WARN_DIRECT_OBJC_ISA_USAGE = YES_ERROR;
				CLANG_WARN_DOCUMENTATION_COMMENTS = YES;
				CLANG_WARN_EMPTY_BODY = YES;
				CLANG_WARN_ENUM_CONVERSION = YES;
				CLANG_WARN_INFINITE_RECURSION = YES;
				CLANG_WARN_INT_CONVERSION = YES;
				CLANG_WARN_NON_LITERAL_NULL_CONVERSION = YES;
				CLANG_WARN_OBJC_IMPLICIT_RETAIN_SELF = YES;
				CLANG_WARN_OBJC_LITERAL_CONVERSION = YES;
				CLANG_WARN_OBJC_ROOT_CLASS = YES_ERROR;
				CLANG_WARN_QUOTED_INCLUDE_IN_FRAMEWORK_HEADER = YES;
				CLANG_WARN_RANGE_LOOP_ANALYSIS = YES;
				CLANG_WARN_STRICT_PROTOTYPES = YES;
				CLANG_WARN_SUSPICIOUS_MOVE = YES;
				CLANG_WARN_UNGUARDED_AVAILABILITY = YES_AGGRESSIVE;
				CLANG_WARN_UNREACHABLE_CODE = YES;
				CLANG_WARN__DUPLICATE_METHOD_MATCH = YES;
				COPY_PHASE_STRIP = NO;
				CURRENT_PROJECT_VERSION = 1;
				DEBUG_INFORMATION_FORMAT = "dwarf-with-dsym";
				ENABLE_NS_ASSERTIONS = NO;
				ENABLE_STRICT_OBJC_MSGSEND = YES;
				GCC_C_LANGUAGE_STANDARD = gnu11;
				GCC_NO_COMMON_BLOCKS = YES;
				GCC_WARN_64_TO_32_BIT_CONVERSION = YES;
				GCC_WARN_ABOUT_RETURN_TYPE = YES_ERROR;
				GCC_WARN_UNDECLARED_SELECTOR = YES;
				GCC_WARN_UNINITIALIZED_AUTOS = YES_AGGRESSIVE;
				GCC_WARN_UNUSED_FUNCTION = YES;
				GCC_WARN_UNUSED_VARIABLE = YES;
				IPHONEOS_DEPLOYMENT_TARGET = 16.1;
				MTL_ENABLE_DEBUG_INFO = NO;
				MTL_FAST_MATH = YES;
				SDKROOT = iphoneos;
				SKIP_INSTALL = YES;
				SWIFT_COMPILATION_MODE = wholemodule;
				SWIFT_OPTIMIZATION_LEVEL = "-O";
				VALIDATE_PRODUCT = YES;
				VERSIONING_SYSTEM = "apple-generic";
				VERSION_INFO_PREFIX = "";
			};
			name = Release;
		};
		621A7A9A2A49D5730086B7F4 /* Debug */ = {
			isa = XCBuildConfiguration;
			baseConfigurationReference = 1894E677060D1D5638587769 /* Pods-TestFramework.debug.xcconfig */;
			buildSettings = {
				CODE_SIGN_STYLE = Automatic;
				CURRENT_PROJECT_VERSION = 1;
				DEFINES_MODULE = YES;
				DEVELOPMENT_TEAM = 898EDDGZNP;
				DYLIB_COMPATIBILITY_VERSION = 1;
				DYLIB_CURRENT_VERSION = 1;
				DYLIB_INSTALL_NAME_BASE = "@rpath";
				GENERATE_INFOPLIST_FILE = YES;
				INFOPLIST_KEY_NSHumanReadableCopyright = "";
				INSTALL_PATH = "$(LOCAL_LIBRARY_DIR)/Frameworks";
				LD_RUNPATH_SEARCH_PATHS = (
					"$(inherited)",
					"@executable_path/Frameworks",
					"@loader_path/Frameworks",
				);
				MARKETING_VERSION = 1.0;
				PRODUCT_BUNDLE_IDENTIFIER = vn.com.testframework.TestFramework;
				PRODUCT_NAME = "$(TARGET_NAME:c99extidentifier)";
				SKIP_INSTALL = YES;
				SWIFT_EMIT_LOC_STRINGS = YES;
				SWIFT_VERSION = 5.0;
				TARGETED_DEVICE_FAMILY = "1,2";
			};
			name = Debug;
		};
		621A7A9B2A49D5730086B7F4 /* Release */ = {
			isa = XCBuildConfiguration;
			baseConfigurationReference = 6F51F52DACD19377D133DA83 /* Pods-TestFramework.release.xcconfig */;
			buildSettings = {
				CODE_SIGN_STYLE = Automatic;
				CURRENT_PROJECT_VERSION = 1;
				DEFINES_MODULE = YES;
				DEVELOPMENT_TEAM = 898EDDGZNP;
				DYLIB_COMPATIBILITY_VERSION = 1;
				DYLIB_CURRENT_VERSION = 1;
				DYLIB_INSTALL_NAME_BASE = "@rpath";
				GENERATE_INFOPLIST_FILE = YES;
				INFOPLIST_KEY_NSHumanReadableCopyright = "";
				INSTALL_PATH = "$(LOCAL_LIBRARY_DIR)/Frameworks";
				LD_RUNPATH_SEARCH_PATHS = (
					"$(inherited)",
					"@executable_path/Frameworks",
					"@loader_path/Frameworks",
				);
				MARKETING_VERSION = 1.0;
				PRODUCT_BUNDLE_IDENTIFIER = vn.com.testframework.TestFramework;
				PRODUCT_NAME = "$(TARGET_NAME:c99extidentifier)";
				SKIP_INSTALL = NO;
				SWIFT_EMIT_LOC_STRINGS = YES;
				SWIFT_VERSION = 5.0;
				TARGETED_DEVICE_FAMILY = "1,2";
			};
			name = Release;
		};
/* End XCBuildConfiguration section */

/* Begin XCConfigurationList section */
		621A7A7F2A49D5730086B7F4 /* Build configuration list for PBXProject "TestFramework" */ = {
			isa = XCConfigurationList;
			buildConfigurations = (
				621A7A972A49D5730086B7F4 /* Debug */,
				621A7A982A49D5730086B7F4 /* Release */,
			);
			defaultConfigurationIsVisible = 0;
			defaultConfigurationName = Release;
		};
		621A7A992A49D5730086B7F4 /* Build configuration list for PBXNativeTarget "TestFramework" */ = {
			isa = XCConfigurationList;
			buildConfigurations = (
				621A7A9A2A49D5730086B7F4 /* Debug */,
				621A7A9B2A49D5730086B7F4 /* Release */,
			);
			defaultConfigurationIsVisible = 0;
			defaultConfigurationName = Release;
		};
/* End XCConfigurationList section */
	};
	rootObject = 621A7A7C2A49D5730086B7F4 /* Project object */;
}
